{
  "version": 4,
  "terraform_version": "1.1.3",
  "serial": 37,
  "lineage": "81edd6fb-c43a-aafb-6550-ed3b54f85596",
  "outputs": {},
  "resources": [
    {
      "mode": "managed",
      "type": "aws_iam_role",
      "name": "role",
      "provider": "provider[\"registry.terraform.io/hashicorp/aws\"]",
      "instances": [
        {
          "schema_version": 0,
          "attributes": {
            "arn": "arn:aws:iam::738087856818:role/EKS-Role",
            "assume_role_policy": "{\"Version\":\"2012-10-17\",\"Statement\":[{\"Effect\":\"Allow\",\"Principal\":{\"AWS\":\"arn:aws:iam::738087856818:user/EKS-User\"},\"Action\":\"sts:AssumeRole\",\"Condition\":{}}]}",
            "create_date": "2022-02-11T08:23:17Z",
            "description": "",
            "force_detach_policies": false,
            "id": "EKS-Role",
            "inline_policy": [
              {
                "name": "",
                "policy": ""
              }
            ],
            "managed_policy_arns": [],
            "max_session_duration": 3600,
            "name": "EKS-Role",
            "name_prefix": "",
            "path": "/",
            "permissions_boundary": null,
            "tags": null,
            "tags_all": {},
            "unique_id": "AROA2XWLW5KZFDQ5HJ3NE"
          },
          "sensitive_attributes": [],
          "private": "bnVsbA=="
        }
      ]
    },
    {
      "mode": "managed",
      "type": "aws_iam_role_policy",
      "name": "test",
      "provider": "provider[\"registry.terraform.io/hashicorp/aws\"]",
      "instances": [
        {
          "schema_version": 0,
          "attributes": {
            "id": "EKS-Role:EKS-Role",
            "name": "EKS-Role",
            "name_prefix": null,
            "policy": "{\"Statement\":[{\"Action\":[\"eks:DeleteCluster\",\"eks:UpdateClusterVersion\",\"eks:UpdateClusterConfig\",\"eks:CreateCluster\"],\"Effect\":\"Allow\",\"Resource\":\"*\",\"Sid\":\"VisualEditor0\"}],\"Version\":\"2012-10-17\"}",
            "role": "EKS-Role"
          },
          "sensitive_attributes": [],
          "private": "bnVsbA==",
          "dependencies": [
            "aws_iam_role.role"
          ]
        }
      ]
    },
    {
      "mode": "managed",
      "type": "aws_iam_user",
      "name": "user",
      "provider": "provider[\"registry.terraform.io/hashicorp/aws\"]",
      "instances": [
        {
          "schema_version": 0,
          "attributes": {
            "arn": "arn:aws:iam::738087856818:user/EKS-User",
            "force_destroy": false,
            "id": "EKS-User",
            "name": "EKS-User",
            "path": "/",
            "permissions_boundary": null,
            "tags": {},
            "tags_all": {},
            "unique_id": "AIDA2XWLW5KZDSP7FFRF7"
          },
          "sensitive_attributes": [],
          "private": "bnVsbA=="
        }
      ]
    }
  ]
}
